
Microsoft Visual Studio Solution File, Format Version 12.00
# Visual Studio Version 17
VisualStudioVersion = 17.8.34511.84
MinimumVisualStudioVersion = 10.0.40219.1
Project("{FAE04EC0-301F-11D3-BF4B-00C04F79EFBC}") = "game", "game.csproj", "{77BC0915-2730-4378-875F-19F1766B49EB}"
EndProject
Global
	GlobalSection(SolutionConfigurationPlatforms) = preSolution
		Debug|Any CPU = Debug|Any CPU
		Release|Any CPU = Release|Any CPU
	EndGlobalSection
	GlobalSection(ProjectConfigurationPlatforms) = postSolution
		{77BC0915-2730-4378-875F-19F1766B49EB}.Debug|Any CPU.ActiveCfg = Debug|Any CPU
		{77BC0915-2730-4378-875F-19F1766B49EB}.Debug|Any CPU.Build.0 = Debug|Any CPU
		{77BC0915-2730-4378-875F-19F1766B49EB}.Release|Any CPU.ActiveCfg = Release|Any CPU
		{77BC0915-2730-4378-875F-19F1766B49EB}.Release|Any CPU.Build.0 = Release|Any CPU
	EndGlobalSection
	GlobalSection(SolutionProperties) = preSolution
		HideSolutionNode = FALSE
	EndGlobalSection
	GlobalSection(ExtensibilityGlobals) = postSolution
		SolutionGuid = {C05732D3-F5E1-4653-AC13-0F4109FC0255}
	EndGlobalSection
EndGlobal
